
Microsoft Visual Studio Solution File, Format Version 12.00
# Visual Studio Version 16
VisualStudioVersion = 16.0.28803.202
MinimumVisualStudioVersion = 10.0.40219.1
Project("{9A19103F-16F7-4668-BE54-9A1E7A4F7556}") = "QianKunConsole", "QianKunConsole\QianKunConsole.csproj", "{AA3CE4A1-CBA0-49D9-BEFF-3899174D6D91}"
EndProject
Project("{9A19103F-16F7-4668-BE54-9A1E7A4F7556}") = "QianKunHelper", "QianKunHelper\QianKunHelper.csproj", "{B7B1AC48-7F43-413A-8F1C-3E24D50156C6}"
EndProject
Project("{2150E333-8FDC-42A3-9474-1A3956D46DE8}") = "QianKunWebApi", "QianKunWebApi", "{791F8C74-D17C-447F-94E4-226C933C0EC5}"
EndProject
Project("{9A19103F-16F7-4668-BE54-9A1E7A4F7556}") = "QianKunApi", "QianKunApi\QianKunApi.csproj", "{2DD5CC90-B595-4D95-B0B5-D308A83090F7}"
EndProject
Project("{2150E333-8FDC-42A3-9474-1A3956D46DE8}") = "ProductInfoCheck", "ProductInfoCheck", "{FD53D389-E3C2-4897-9EFB-3B054B65A8ED}"
EndProject
Project("{9A19103F-16F7-4668-BE54-9A1E7A4F7556}") = "CheckManagerModel", "CheckManagerModel\CheckManagerModel.csproj", "{9F8E089A-5D28-4770-8BBF-61C15F2CE576}"
EndProject
Project("{9A19103F-16F7-4668-BE54-9A1E7A4F7556}") = "CheckManagerBLL", "CheckManagerBLL\CheckManagerBLL.csproj", "{2A94C771-1DD7-40D8-9453-AD56A9BAAC92}"
EndProject
Project("{9A19103F-16F7-4668-BE54-9A1E7A4F7556}") = "CheckManagerDAL", "CheckManagerDAL\CheckManagerDAL.csproj", "{74336890-DCA6-45BD-834A-0F4971772A41}"
EndProject
Project("{9A19103F-16F7-4668-BE54-9A1E7A4F7556}") = "CheckManager", "CheckManager\CheckManager.csproj", "{C229FA2C-716F-4954-B83D-D504A4F2B759}"
EndProject
Project("{9A19103F-16F7-4668-BE54-9A1E7A4F7556}") = "CheckApi", "CheckApi\CheckApi.csproj", "{B1291AD7-08DD-40BE-B50A-2121DB460AF1}"
EndProject
Global
	GlobalSection(SolutionConfigurationPlatforms) = preSolution
		Debug|Any CPU = Debug|Any CPU
		Release|Any CPU = Release|Any CPU
	EndGlobalSection
	GlobalSection(ProjectConfigurationPlatforms) = postSolution
		{AA3CE4A1-CBA0-49D9-BEFF-3899174D6D91}.Debug|Any CPU.ActiveCfg = Debug|Any CPU
		{AA3CE4A1-CBA0-49D9-BEFF-3899174D6D91}.Debug|Any CPU.Build.0 = Debug|Any CPU
		{AA3CE4A1-CBA0-49D9-BEFF-3899174D6D91}.Release|Any CPU.ActiveCfg = Release|Any CPU
		{AA3CE4A1-CBA0-49D9-BEFF-3899174D6D91}.Release|Any CPU.Build.0 = Release|Any CPU
		{B7B1AC48-7F43-413A-8F1C-3E24D50156C6}.Debug|Any CPU.ActiveCfg = Debug|Any CPU
		{B7B1AC48-7F43-413A-8F1C-3E24D50156C6}.Debug|Any CPU.Build.0 = Debug|Any CPU
		{B7B1AC48-7F43-413A-8F1C-3E24D50156C6}.Release|Any CPU.ActiveCfg = Release|Any CPU
		{B7B1AC48-7F43-413A-8F1C-3E24D50156C6}.Release|Any CPU.Build.0 = Release|Any CPU
		{2DD5CC90-B595-4D95-B0B5-D308A83090F7}.Debug|Any CPU.ActiveCfg = Debug|Any CPU
		{2DD5CC90-B595-4D95-B0B5-D308A83090F7}.Debug|Any CPU.Build.0 = Debug|Any CPU
		{2DD5CC90-B595-4D95-B0B5-D308A83090F7}.Release|Any CPU.ActiveCfg = Release|Any CPU
		{2DD5CC90-B595-4D95-B0B5-D308A83090F7}.Release|Any CPU.Build.0 = Release|Any CPU
		{9F8E089A-5D28-4770-8BBF-61C15F2CE576}.Debug|Any CPU.ActiveCfg = Debug|Any CPU
		{9F8E089A-5D28-4770-8BBF-61C15F2CE576}.Debug|Any CPU.Build.0 = Debug|Any CPU
		{9F8E089A-5D28-4770-8BBF-61C15F2CE576}.Release|Any CPU.ActiveCfg = Release|Any CPU
		{9F8E089A-5D28-4770-8BBF-61C15F2CE576}.Release|Any CPU.Build.0 = Release|Any CPU
		{2A94C771-1DD7-40D8-9453-AD56A9BAAC92}.Debug|Any CPU.ActiveCfg = Debug|Any CPU
		{2A94C771-1DD7-40D8-9453-AD56A9BAAC92}.Debug|Any CPU.Build.0 = Debug|Any CPU
		{2A94C771-1DD7-40D8-9453-AD56A9BAAC92}.Release|Any CPU.ActiveCfg = Release|Any CPU
		{2A94C771-1DD7-40D8-9453-AD56A9BAAC92}.Release|Any CPU.Build.0 = Release|Any CPU
		{74336890-DCA6-45BD-834A-0F4971772A41}.Debug|Any CPU.ActiveCfg = Debug|Any CPU
		{74336890-DCA6-45BD-834A-0F4971772A41}.Debug|Any CPU.Build.0 = Debug|Any CPU
		{74336890-DCA6-45BD-834A-0F4971772A41}.Release|Any CPU.ActiveCfg = Release|Any CPU
		{74336890-DCA6-45BD-834A-0F4971772A41}.Release|Any CPU.Build.0 = Release|Any CPU
		{C229FA2C-716F-4954-B83D-D504A4F2B759}.Debug|Any CPU.ActiveCfg = Debug|Any CPU
		{C229FA2C-716F-4954-B83D-D504A4F2B759}.Debug|Any CPU.Build.0 = Debug|Any CPU
		{C229FA2C-716F-4954-B83D-D504A4F2B759}.Release|Any CPU.ActiveCfg = Release|Any CPU
		{C229FA2C-716F-4954-B83D-D504A4F2B759}.Release|Any CPU.Build.0 = Release|Any CPU
		{B1291AD7-08DD-40BE-B50A-2121DB460AF1}.Debug|Any CPU.ActiveCfg = Debug|Any CPU
		{B1291AD7-08DD-40BE-B50A-2121DB460AF1}.Debug|Any CPU.Build.0 = Debug|Any CPU
		{B1291AD7-08DD-40BE-B50A-2121DB460AF1}.Release|Any CPU.ActiveCfg = Release|Any CPU
		{B1291AD7-08DD-40BE-B50A-2121DB460AF1}.Release|Any CPU.Build.0 = Release|Any CPU
	EndGlobalSection
	GlobalSection(SolutionProperties) = preSolution
		HideSolutionNode = FALSE
	EndGlobalSection
	GlobalSection(NestedProjects) = preSolution
		{2DD5CC90-B595-4D95-B0B5-D308A83090F7} = {791F8C74-D17C-447F-94E4-226C933C0EC5}
		{9F8E089A-5D28-4770-8BBF-61C15F2CE576} = {FD53D389-E3C2-4897-9EFB-3B054B65A8ED}
		{2A94C771-1DD7-40D8-9453-AD56A9BAAC92} = {FD53D389-E3C2-4897-9EFB-3B054B65A8ED}
		{74336890-DCA6-45BD-834A-0F4971772A41} = {FD53D389-E3C2-4897-9EFB-3B054B65A8ED}
		{C229FA2C-716F-4954-B83D-D504A4F2B759} = {FD53D389-E3C2-4897-9EFB-3B054B65A8ED}
		{B1291AD7-08DD-40BE-B50A-2121DB460AF1} = {FD53D389-E3C2-4897-9EFB-3B054B65A8ED}
	EndGlobalSection
	GlobalSection(ExtensibilityGlobals) = postSolution
		SolutionGuid = {407E40D9-23C2-4DFD-A8B7-F34BB9BFEB56}
	EndGlobalSection
EndGlobal
