
Microsoft Visual Studio Solution File, Format Version 12.00
# Visual Studio Version 16
VisualStudioVersion = 16.0.28803.202
MinimumVisualStudioVersion = 10.0.40219.1
Project("{9A19103F-16F7-4668-BE54-9A1E7A4F7556}") = "QianKunConsole", "QianKunConsole\QianKunConsole.csproj", "{AA3CE4A1-CBA0-49D9-BEFF-3899174D6D91}"
EndProject
Project("{9A19103F-16F7-4668-BE54-9A1E7A4F7556}") = "QianKunHelper", "QianKunHelper\QianKunHelper.csproj", "{B7B1AC48-7F43-413A-8F1C-3E24D50156C6}"
EndProject
Project("{2150E333-8FDC-42A3-9474-1A3956D46DE8}") = "ProductInfoCheck", "ProductInfoCheck", "{FD53D389-E3C2-4897-9EFB-3B054B65A8ED}"
EndProject
Project("{9A19103F-16F7-4668-BE54-9A1E7A4F7556}") = "CheckManagerModel", "CheckManagerModel\CheckManagerModel.csproj", "{9F8E089A-5D28-4770-8BBF-61C15F2CE576}"
EndProject
Project("{9A19103F-16F7-4668-BE54-9A1E7A4F7556}") = "CheckManagerBLL", "CheckManagerBLL\CheckManagerBLL.csproj", "{2A94C771-1DD7-40D8-9453-AD56A9BAAC92}"
EndProject
Project("{9A19103F-16F7-4668-BE54-9A1E7A4F7556}") = "CheckManagerDAL", "CheckManagerDAL\CheckManagerDAL.csproj", "{74336890-DCA6-45BD-834A-0F4971772A41}"
EndProject
Project("{9A19103F-16F7-4668-BE54-9A1E7A4F7556}") = "CheckManager", "CheckManager\CheckManager.csproj", "{C229FA2C-716F-4954-B83D-D504A4F2B759}"
EndProject
Project("{9A19103F-16F7-4668-BE54-9A1E7A4F7556}") = "CheckWebApi", "CheckWebApi\CheckWebApi.csproj", "{4027A719-6B47-4306-B07D-2DDFABADE80A}"
EndProject
Project("{9A19103F-16F7-4668-BE54-9A1E7A4F7556}") = "WebApi", "WebApi\WebApi.csproj", "{50B28449-4432-429A-8C59-33E264A83253}"
EndProject
Project("{FAE04EC0-301F-11D3-BF4B-00C04F79EFBC}") = "WebService", "WebService\WebService.csproj", "{263D24D8-A8EE-49F5-AF7D-9DCE95D34DC6}"
EndProject
Project("{9A19103F-16F7-4668-BE54-9A1E7A4F7556}") = "TemplateWebApi", "TemplateWebApi\TemplateWebApi.csproj", "{0921974B-C6FB-4B94-A912-24DE7F00F5DC}"
EndProject
Project("{9A19103F-16F7-4668-BE54-9A1E7A4F7556}") = "QianKunModel", "QianKunModel\QianKunModel.csproj", "{28ECD441-4944-4C53-B441-8E4741E94E83}"
EndProject
Project("{FAE04EC0-301F-11D3-BF4B-00C04F79EFBC}") = "GrpcService", "GrpcService\GrpcService.csproj", "{0E4A8409-82E5-4D9E-A258-B4C9DB094F16}"
EndProject
Project("{FAE04EC0-301F-11D3-BF4B-00C04F79EFBC}") = "GrpcClient", "GrpcClient\GrpcClient.csproj", "{EEEE81B8-F85A-48E7-8450-5983CA7F1BC2}"
EndProject
Global
	GlobalSection(SolutionConfigurationPlatforms) = preSolution
		Debug|Any CPU = Debug|Any CPU
		Release|Any CPU = Release|Any CPU
	EndGlobalSection
	GlobalSection(ProjectConfigurationPlatforms) = postSolution
		{AA3CE4A1-CBA0-49D9-BEFF-3899174D6D91}.Debug|Any CPU.ActiveCfg = Debug|Any CPU
		{AA3CE4A1-CBA0-49D9-BEFF-3899174D6D91}.Debug|Any CPU.Build.0 = Debug|Any CPU
		{AA3CE4A1-CBA0-49D9-BEFF-3899174D6D91}.Release|Any CPU.ActiveCfg = Release|Any CPU
		{AA3CE4A1-CBA0-49D9-BEFF-3899174D6D91}.Release|Any CPU.Build.0 = Release|Any CPU
		{B7B1AC48-7F43-413A-8F1C-3E24D50156C6}.Debug|Any CPU.ActiveCfg = Debug|Any CPU
		{B7B1AC48-7F43-413A-8F1C-3E24D50156C6}.Debug|Any CPU.Build.0 = Debug|Any CPU
		{B7B1AC48-7F43-413A-8F1C-3E24D50156C6}.Release|Any CPU.ActiveCfg = Release|Any CPU
		{B7B1AC48-7F43-413A-8F1C-3E24D50156C6}.Release|Any CPU.Build.0 = Release|Any CPU
		{9F8E089A-5D28-4770-8BBF-61C15F2CE576}.Debug|Any CPU.ActiveCfg = Debug|Any CPU
		{9F8E089A-5D28-4770-8BBF-61C15F2CE576}.Debug|Any CPU.Build.0 = Debug|Any CPU
		{9F8E089A-5D28-4770-8BBF-61C15F2CE576}.Release|Any CPU.ActiveCfg = Release|Any CPU
		{9F8E089A-5D28-4770-8BBF-61C15F2CE576}.Release|Any CPU.Build.0 = Release|Any CPU
		{2A94C771-1DD7-40D8-9453-AD56A9BAAC92}.Debug|Any CPU.ActiveCfg = Debug|Any CPU
		{2A94C771-1DD7-40D8-9453-AD56A9BAAC92}.Debug|Any CPU.Build.0 = Debug|Any CPU
		{2A94C771-1DD7-40D8-9453-AD56A9BAAC92}.Release|Any CPU.ActiveCfg = Release|Any CPU
		{2A94C771-1DD7-40D8-9453-AD56A9BAAC92}.Release|Any CPU.Build.0 = Release|Any CPU
		{74336890-DCA6-45BD-834A-0F4971772A41}.Debug|Any CPU.ActiveCfg = Debug|Any CPU
		{74336890-DCA6-45BD-834A-0F4971772A41}.Debug|Any CPU.Build.0 = Debug|Any CPU
		{74336890-DCA6-45BD-834A-0F4971772A41}.Release|Any CPU.ActiveCfg = Release|Any CPU
		{74336890-DCA6-45BD-834A-0F4971772A41}.Release|Any CPU.Build.0 = Release|Any CPU
		{C229FA2C-716F-4954-B83D-D504A4F2B759}.Debug|Any CPU.ActiveCfg = Debug|Any CPU
		{C229FA2C-716F-4954-B83D-D504A4F2B759}.Debug|Any CPU.Build.0 = Debug|Any CPU
		{C229FA2C-716F-4954-B83D-D504A4F2B759}.Release|Any CPU.ActiveCfg = Release|Any CPU
		{C229FA2C-716F-4954-B83D-D504A4F2B759}.Release|Any CPU.Build.0 = Release|Any CPU
		{4027A719-6B47-4306-B07D-2DDFABADE80A}.Debug|Any CPU.ActiveCfg = Debug|Any CPU
		{4027A719-6B47-4306-B07D-2DDFABADE80A}.Debug|Any CPU.Build.0 = Debug|Any CPU
		{4027A719-6B47-4306-B07D-2DDFABADE80A}.Release|Any CPU.ActiveCfg = Release|Any CPU
		{4027A719-6B47-4306-B07D-2DDFABADE80A}.Release|Any CPU.Build.0 = Release|Any CPU
		{50B28449-4432-429A-8C59-33E264A83253}.Debug|Any CPU.ActiveCfg = Debug|Any CPU
		{50B28449-4432-429A-8C59-33E264A83253}.Debug|Any CPU.Build.0 = Debug|Any CPU
		{50B28449-4432-429A-8C59-33E264A83253}.Release|Any CPU.ActiveCfg = Release|Any CPU
		{50B28449-4432-429A-8C59-33E264A83253}.Release|Any CPU.Build.0 = Release|Any CPU
		{263D24D8-A8EE-49F5-AF7D-9DCE95D34DC6}.Debug|Any CPU.ActiveCfg = Debug|Any CPU
		{263D24D8-A8EE-49F5-AF7D-9DCE95D34DC6}.Debug|Any CPU.Build.0 = Debug|Any CPU
		{263D24D8-A8EE-49F5-AF7D-9DCE95D34DC6}.Release|Any CPU.ActiveCfg = Release|Any CPU
		{263D24D8-A8EE-49F5-AF7D-9DCE95D34DC6}.Release|Any CPU.Build.0 = Release|Any CPU
		{0921974B-C6FB-4B94-A912-24DE7F00F5DC}.Debug|Any CPU.ActiveCfg = Debug|Any CPU
		{0921974B-C6FB-4B94-A912-24DE7F00F5DC}.Debug|Any CPU.Build.0 = Debug|Any CPU
		{0921974B-C6FB-4B94-A912-24DE7F00F5DC}.Release|Any CPU.ActiveCfg = Release|Any CPU
		{0921974B-C6FB-4B94-A912-24DE7F00F5DC}.Release|Any CPU.Build.0 = Release|Any CPU
		{28ECD441-4944-4C53-B441-8E4741E94E83}.Debug|Any CPU.ActiveCfg = Debug|Any CPU
		{28ECD441-4944-4C53-B441-8E4741E94E83}.Debug|Any CPU.Build.0 = Debug|Any CPU
		{28ECD441-4944-4C53-B441-8E4741E94E83}.Release|Any CPU.ActiveCfg = Release|Any CPU
		{28ECD441-4944-4C53-B441-8E4741E94E83}.Release|Any CPU.Build.0 = Release|Any CPU
		{0E4A8409-82E5-4D9E-A258-B4C9DB094F16}.Debug|Any CPU.ActiveCfg = Debug|Any CPU
		{0E4A8409-82E5-4D9E-A258-B4C9DB094F16}.Debug|Any CPU.Build.0 = Debug|Any CPU
		{0E4A8409-82E5-4D9E-A258-B4C9DB094F16}.Release|Any CPU.ActiveCfg = Release|Any CPU
		{0E4A8409-82E5-4D9E-A258-B4C9DB094F16}.Release|Any CPU.Build.0 = Release|Any CPU
		{EEEE81B8-F85A-48E7-8450-5983CA7F1BC2}.Debug|Any CPU.ActiveCfg = Debug|Any CPU
		{EEEE81B8-F85A-48E7-8450-5983CA7F1BC2}.Debug|Any CPU.Build.0 = Debug|Any CPU
		{EEEE81B8-F85A-48E7-8450-5983CA7F1BC2}.Release|Any CPU.ActiveCfg = Release|Any CPU
		{EEEE81B8-F85A-48E7-8450-5983CA7F1BC2}.Release|Any CPU.Build.0 = Release|Any CPU
	EndGlobalSection
	GlobalSection(SolutionProperties) = preSolution
		HideSolutionNode = FALSE
	EndGlobalSection
	GlobalSection(NestedProjects) = preSolution
		{9F8E089A-5D28-4770-8BBF-61C15F2CE576} = {FD53D389-E3C2-4897-9EFB-3B054B65A8ED}
		{2A94C771-1DD7-40D8-9453-AD56A9BAAC92} = {FD53D389-E3C2-4897-9EFB-3B054B65A8ED}
		{74336890-DCA6-45BD-834A-0F4971772A41} = {FD53D389-E3C2-4897-9EFB-3B054B65A8ED}
		{C229FA2C-716F-4954-B83D-D504A4F2B759} = {FD53D389-E3C2-4897-9EFB-3B054B65A8ED}
		{4027A719-6B47-4306-B07D-2DDFABADE80A} = {FD53D389-E3C2-4897-9EFB-3B054B65A8ED}
	EndGlobalSection
	GlobalSection(ExtensibilityGlobals) = postSolution
		SolutionGuid = {407E40D9-23C2-4DFD-A8B7-F34BB9BFEB56}
	EndGlobalSection
EndGlobal
